
Microsoft Visual Studio Solution File, Format Version 12.00
# Visual Studio Version 17
VisualStudioVersion = 17.7.34031.279
MinimumVisualStudioVersion = 10.0.40219.1
Project("{FAE04EC0-301F-11D3-BF4B-00C04F79EFBC}") = "lab Soroka.D 3", "lab Soroka.D 3\lab Soroka.D 3.csproj", "{D46A787A-FEF9-46CE-AA9B-14C8B376B98C}"
EndProject
Global
	GlobalSection(SolutionConfigurationPlatforms) = preSolution
		Debug|Any CPU = Debug|Any CPU
		Release|Any CPU = Release|Any CPU
	EndGlobalSection
	GlobalSection(ProjectConfigurationPlatforms) = postSolution
		{D46A787A-FEF9-46CE-AA9B-14C8B376B98C}.Debug|Any CPU.ActiveCfg = Debug|Any CPU
		{D46A787A-FEF9-46CE-AA9B-14C8B376B98C}.Debug|Any CPU.Build.0 = Debug|Any CPU
		{D46A787A-FEF9-46CE-AA9B-14C8B376B98C}.Release|Any CPU.ActiveCfg = Release|Any CPU
		{D46A787A-FEF9-46CE-AA9B-14C8B376B98C}.Release|Any CPU.Build.0 = Release|Any CPU
	EndGlobalSection
	GlobalSection(SolutionProperties) = preSolution
		HideSolutionNode = FALSE
	EndGlobalSection
	GlobalSection(ExtensibilityGlobals) = postSolution
		SolutionGuid = {EA99E67C-2E53-4C18-9C81-7BB57A566E55}
	EndGlobalSection
EndGlobal
